
Microsoft Visual Studio Solution File, Format Version 12.00
# Visual Studio 15
VisualStudioVersion = 15.0.28307.1000
MinimumVisualStudioVersion = 10.0.40219.1
Project("{FAE04EC0-301F-11D3-BF4B-00C04F79EFBC}") = "EjercicioArreglos", "EjercicioArreglos\EjercicioArreglos.csproj", "{FA883B14-CAD3-4296-97A7-A028556E5622}"
EndProject
Project("{FAE04EC0-301F-11D3-BF4B-00C04F79EFBC}") = "MiPrimeraClase", "..\..\Proyectos POO\MiPrimeraClase\MiPrimeraClase\MiPrimeraClase.csproj", "{53A5EFBD-0336-4BA6-9499-D092730A8EE8}"
EndProject
Project("{FAE04EC0-301F-11D3-BF4B-00C04F79EFBC}") = "PaisesNo1", "PaicesNo1\PaisesNo1.csproj", "{29A295D9-8B65-4428-93C4-16D9429713E4}"
EndProject
Project("{FAE04EC0-301F-11D3-BF4B-00C04F79EFBC}") = "PaisesNo2", "PaisesNo2\PaisesNo2.csproj", "{3C9E5266-2BEF-4323-84ED-E9AFEA341FF0}"
EndProject
Project("{FAE04EC0-301F-11D3-BF4B-00C04F79EFBC}") = "AlumnoYMaestro1", "AlumnoYMaestro1\AlumnoYMaestro1.csproj", "{B91046BB-71B3-4A3F-9866-DAAA5756EE31}"
EndProject
Project("{FAE04EC0-301F-11D3-BF4B-00C04F79EFBC}") = "AlumnosYMaestrosNo2", "AlumnosYMaestrosNo2\AlumnosYMaestrosNo2.csproj", "{64E2C859-7517-4769-B00D-7016358CE472}"
EndProject
Project("{FAE04EC0-301F-11D3-BF4B-00C04F79EFBC}") = "Bidimensional1", "Bidimensional1\Bidimensional1.csproj", "{C2026FC9-C90E-47AF-8A8B-487EF4FFE3BB}"
EndProject
Project("{FAE04EC0-301F-11D3-BF4B-00C04F79EFBC}") = "Bidimensional2", "Bidimensional2\Bidimensional2.csproj", "{AE45ACD6-152A-4E64-B68D-C253FBC82E2F}"
EndProject
Project("{FAE04EC0-301F-11D3-BF4B-00C04F79EFBC}") = "TorneoFutbol", "..\TorneoFutbol\TorneoFutbol\TorneoFutbol.csproj", "{E24D6792-38F1-4CE9-88CE-26E24CB3F288}"
EndProject
Global
	GlobalSection(SolutionConfigurationPlatforms) = preSolution
		Debug|Any CPU = Debug|Any CPU
		Release|Any CPU = Release|Any CPU
	EndGlobalSection
	GlobalSection(ProjectConfigurationPlatforms) = postSolution
		{FA883B14-CAD3-4296-97A7-A028556E5622}.Debug|Any CPU.ActiveCfg = Debug|Any CPU
		{FA883B14-CAD3-4296-97A7-A028556E5622}.Debug|Any CPU.Build.0 = Debug|Any CPU
		{FA883B14-CAD3-4296-97A7-A028556E5622}.Release|Any CPU.ActiveCfg = Release|Any CPU
		{FA883B14-CAD3-4296-97A7-A028556E5622}.Release|Any CPU.Build.0 = Release|Any CPU
		{53A5EFBD-0336-4BA6-9499-D092730A8EE8}.Debug|Any CPU.ActiveCfg = Debug|Any CPU
		{53A5EFBD-0336-4BA6-9499-D092730A8EE8}.Debug|Any CPU.Build.0 = Debug|Any CPU
		{53A5EFBD-0336-4BA6-9499-D092730A8EE8}.Release|Any CPU.ActiveCfg = Release|Any CPU
		{53A5EFBD-0336-4BA6-9499-D092730A8EE8}.Release|Any CPU.Build.0 = Release|Any CPU
		{29A295D9-8B65-4428-93C4-16D9429713E4}.Debug|Any CPU.ActiveCfg = Debug|Any CPU
		{29A295D9-8B65-4428-93C4-16D9429713E4}.Debug|Any CPU.Build.0 = Debug|Any CPU
		{29A295D9-8B65-4428-93C4-16D9429713E4}.Release|Any CPU.ActiveCfg = Release|Any CPU
		{29A295D9-8B65-4428-93C4-16D9429713E4}.Release|Any CPU.Build.0 = Release|Any CPU
		{3C9E5266-2BEF-4323-84ED-E9AFEA341FF0}.Debug|Any CPU.ActiveCfg = Debug|Any CPU
		{3C9E5266-2BEF-4323-84ED-E9AFEA341FF0}.Debug|Any CPU.Build.0 = Debug|Any CPU
		{3C9E5266-2BEF-4323-84ED-E9AFEA341FF0}.Release|Any CPU.ActiveCfg = Release|Any CPU
		{3C9E5266-2BEF-4323-84ED-E9AFEA341FF0}.Release|Any CPU.Build.0 = Release|Any CPU
		{B91046BB-71B3-4A3F-9866-DAAA5756EE31}.Debug|Any CPU.ActiveCfg = Debug|Any CPU
		{B91046BB-71B3-4A3F-9866-DAAA5756EE31}.Debug|Any CPU.Build.0 = Debug|Any CPU
		{B91046BB-71B3-4A3F-9866-DAAA5756EE31}.Release|Any CPU.ActiveCfg = Release|Any CPU
		{B91046BB-71B3-4A3F-9866-DAAA5756EE31}.Release|Any CPU.Build.0 = Release|Any CPU
		{64E2C859-7517-4769-B00D-7016358CE472}.Debug|Any CPU.ActiveCfg = Debug|Any CPU
		{64E2C859-7517-4769-B00D-7016358CE472}.Debug|Any CPU.Build.0 = Debug|Any CPU
		{64E2C859-7517-4769-B00D-7016358CE472}.Release|Any CPU.ActiveCfg = Release|Any CPU
		{64E2C859-7517-4769-B00D-7016358CE472}.Release|Any CPU.Build.0 = Release|Any CPU
		{C2026FC9-C90E-47AF-8A8B-487EF4FFE3BB}.Debug|Any CPU.ActiveCfg = Debug|Any CPU
		{C2026FC9-C90E-47AF-8A8B-487EF4FFE3BB}.Debug|Any CPU.Build.0 = Debug|Any CPU
		{C2026FC9-C90E-47AF-8A8B-487EF4FFE3BB}.Release|Any CPU.ActiveCfg = Release|Any CPU
		{C2026FC9-C90E-47AF-8A8B-487EF4FFE3BB}.Release|Any CPU.Build.0 = Release|Any CPU
		{AE45ACD6-152A-4E64-B68D-C253FBC82E2F}.Debug|Any CPU.ActiveCfg = Debug|Any CPU
		{AE45ACD6-152A-4E64-B68D-C253FBC82E2F}.Debug|Any CPU.Build.0 = Debug|Any CPU
		{AE45ACD6-152A-4E64-B68D-C253FBC82E2F}.Release|Any CPU.ActiveCfg = Release|Any CPU
		{AE45ACD6-152A-4E64-B68D-C253FBC82E2F}.Release|Any CPU.Build.0 = Release|Any CPU
		{E24D6792-38F1-4CE9-88CE-26E24CB3F288}.Debug|Any CPU.ActiveCfg = Debug|Any CPU
		{E24D6792-38F1-4CE9-88CE-26E24CB3F288}.Debug|Any CPU.Build.0 = Debug|Any CPU
		{E24D6792-38F1-4CE9-88CE-26E24CB3F288}.Release|Any CPU.ActiveCfg = Release|Any CPU
		{E24D6792-38F1-4CE9-88CE-26E24CB3F288}.Release|Any CPU.Build.0 = Release|Any CPU
	EndGlobalSection
	GlobalSection(SolutionProperties) = preSolution
		HideSolutionNode = FALSE
	EndGlobalSection
	GlobalSection(ExtensibilityGlobals) = postSolution
		SolutionGuid = {8EA3E818-8DA6-4C06-B952-CF03CF0D7FC2}
	EndGlobalSection
EndGlobal
