
Microsoft Visual Studio Solution File, Format Version 12.00
# Visual Studio 15
VisualStudioVersion = 15.0.28307.1082
MinimumVisualStudioVersion = 10.0.40219.1
Project("{FAE04EC0-301F-11D3-BF4B-00C04F79EFBC}") = "CatalogoProgramas", "CatalogoProgramas\CatalogoProgramas.csproj", "{74C10516-19B0-4CF7-BD25-18EC8FD92A27}"
EndProject
Global
	GlobalSection(SolutionConfigurationPlatforms) = preSolution
		Debug|Any CPU = Debug|Any CPU
		Release|Any CPU = Release|Any CPU
	EndGlobalSection
	GlobalSection(ProjectConfigurationPlatforms) = postSolution
		{74C10516-19B0-4CF7-BD25-18EC8FD92A27}.Debug|Any CPU.ActiveCfg = Debug|Any CPU
		{74C10516-19B0-4CF7-BD25-18EC8FD92A27}.Debug|Any CPU.Build.0 = Debug|Any CPU
		{74C10516-19B0-4CF7-BD25-18EC8FD92A27}.Release|Any CPU.ActiveCfg = Release|Any CPU
		{74C10516-19B0-4CF7-BD25-18EC8FD92A27}.Release|Any CPU.Build.0 = Release|Any CPU
	EndGlobalSection
	GlobalSection(SolutionProperties) = preSolution
		HideSolutionNode = FALSE
	EndGlobalSection
	GlobalSection(ExtensibilityGlobals) = postSolution
		SolutionGuid = {5C21B95F-AC15-4277-BD1E-8F971D628504}
	EndGlobalSection
EndGlobal
