
Microsoft Visual Studio Solution File, Format Version 12.00
# Visual Studio 15
VisualStudioVersion = 15.0.28307.1000
MinimumVisualStudioVersion = 10.0.40219.1
Project("{FAE04EC0-301F-11D3-BF4B-00C04F79EFBC}") = "Embotelladora", "Embotelladora\Embotelladora.csproj", "{FB480CBE-4C63-4B44-BAA3-BE82009C7415}"
EndProject
Project("{FAE04EC0-301F-11D3-BF4B-00C04F79EFBC}") = "Concierto", "Concierto\Concierto.csproj", "{BF77D2BB-14DB-4EBD-96BB-F620025057CC}"
EndProject
Project("{FAE04EC0-301F-11D3-BF4B-00C04F79EFBC}") = "CalificacionesGrupales", "CalificacionesGrupales\CalificacionesGrupales.csproj", "{49FAE84D-58D8-4D96-A48A-E72CCD9C7CC2}"
EndProject
Project("{FAE04EC0-301F-11D3-BF4B-00C04F79EFBC}") = "DatosDePersonas", "DatosDePersonas\DatosDePersonas.csproj", "{A0F6E207-D59E-4FB9-AEFE-60AAD4AF134C}"
EndProject
Project("{FAE04EC0-301F-11D3-BF4B-00C04F79EFBC}") = "Grados", "Grados\Grados.csproj", "{95C38565-34C7-4EEE-91BB-972C20E4390B}"
EndProject
Project("{FAE04EC0-301F-11D3-BF4B-00C04F79EFBC}") = "Vacaciones", "Vacaciones\Vacaciones.csproj", "{07C919A3-2338-42FD-8BEF-BF0C49C2C505}"
EndProject
Project("{FAE04EC0-301F-11D3-BF4B-00C04F79EFBC}") = "Eectricidad", "Eectricidad\Eectricidad.csproj", "{745F2545-B0A3-4A7B-B72D-75FF9DD434CE}"
EndProject
Project("{FAE04EC0-301F-11D3-BF4B-00C04F79EFBC}") = "Caseta", "Caseta\Caseta.csproj", "{93980C68-3DC1-4E03-A081-5BA0B83BF13B}"
EndProject
Project("{FAE04EC0-301F-11D3-BF4B-00C04F79EFBC}") = "AreaPerimetroCuadrado", "AreaPerimetroCuadrado\AreaPerimetroCuadrado.csproj", "{60F23A6C-7646-4292-B2D2-8BFCCDB89919}"
EndProject
Global
	GlobalSection(SolutionConfigurationPlatforms) = preSolution
		Debug|Any CPU = Debug|Any CPU
		Release|Any CPU = Release|Any CPU
	EndGlobalSection
	GlobalSection(ProjectConfigurationPlatforms) = postSolution
		{FB480CBE-4C63-4B44-BAA3-BE82009C7415}.Debug|Any CPU.ActiveCfg = Debug|Any CPU
		{FB480CBE-4C63-4B44-BAA3-BE82009C7415}.Debug|Any CPU.Build.0 = Debug|Any CPU
		{FB480CBE-4C63-4B44-BAA3-BE82009C7415}.Release|Any CPU.ActiveCfg = Release|Any CPU
		{FB480CBE-4C63-4B44-BAA3-BE82009C7415}.Release|Any CPU.Build.0 = Release|Any CPU
		{BF77D2BB-14DB-4EBD-96BB-F620025057CC}.Debug|Any CPU.ActiveCfg = Debug|Any CPU
		{BF77D2BB-14DB-4EBD-96BB-F620025057CC}.Debug|Any CPU.Build.0 = Debug|Any CPU
		{BF77D2BB-14DB-4EBD-96BB-F620025057CC}.Release|Any CPU.ActiveCfg = Release|Any CPU
		{BF77D2BB-14DB-4EBD-96BB-F620025057CC}.Release|Any CPU.Build.0 = Release|Any CPU
		{49FAE84D-58D8-4D96-A48A-E72CCD9C7CC2}.Debug|Any CPU.ActiveCfg = Debug|Any CPU
		{49FAE84D-58D8-4D96-A48A-E72CCD9C7CC2}.Debug|Any CPU.Build.0 = Debug|Any CPU
		{49FAE84D-58D8-4D96-A48A-E72CCD9C7CC2}.Release|Any CPU.ActiveCfg = Release|Any CPU
		{49FAE84D-58D8-4D96-A48A-E72CCD9C7CC2}.Release|Any CPU.Build.0 = Release|Any CPU
		{A0F6E207-D59E-4FB9-AEFE-60AAD4AF134C}.Debug|Any CPU.ActiveCfg = Debug|Any CPU
		{A0F6E207-D59E-4FB9-AEFE-60AAD4AF134C}.Debug|Any CPU.Build.0 = Debug|Any CPU
		{A0F6E207-D59E-4FB9-AEFE-60AAD4AF134C}.Release|Any CPU.ActiveCfg = Release|Any CPU
		{A0F6E207-D59E-4FB9-AEFE-60AAD4AF134C}.Release|Any CPU.Build.0 = Release|Any CPU
		{95C38565-34C7-4EEE-91BB-972C20E4390B}.Debug|Any CPU.ActiveCfg = Debug|Any CPU
		{95C38565-34C7-4EEE-91BB-972C20E4390B}.Debug|Any CPU.Build.0 = Debug|Any CPU
		{95C38565-34C7-4EEE-91BB-972C20E4390B}.Release|Any CPU.ActiveCfg = Release|Any CPU
		{95C38565-34C7-4EEE-91BB-972C20E4390B}.Release|Any CPU.Build.0 = Release|Any CPU
		{07C919A3-2338-42FD-8BEF-BF0C49C2C505}.Debug|Any CPU.ActiveCfg = Debug|Any CPU
		{07C919A3-2338-42FD-8BEF-BF0C49C2C505}.Debug|Any CPU.Build.0 = Debug|Any CPU
		{07C919A3-2338-42FD-8BEF-BF0C49C2C505}.Release|Any CPU.ActiveCfg = Release|Any CPU
		{07C919A3-2338-42FD-8BEF-BF0C49C2C505}.Release|Any CPU.Build.0 = Release|Any CPU
		{745F2545-B0A3-4A7B-B72D-75FF9DD434CE}.Debug|Any CPU.ActiveCfg = Debug|Any CPU
		{745F2545-B0A3-4A7B-B72D-75FF9DD434CE}.Debug|Any CPU.Build.0 = Debug|Any CPU
		{745F2545-B0A3-4A7B-B72D-75FF9DD434CE}.Release|Any CPU.ActiveCfg = Release|Any CPU
		{745F2545-B0A3-4A7B-B72D-75FF9DD434CE}.Release|Any CPU.Build.0 = Release|Any CPU
		{93980C68-3DC1-4E03-A081-5BA0B83BF13B}.Debug|Any CPU.ActiveCfg = Debug|Any CPU
		{93980C68-3DC1-4E03-A081-5BA0B83BF13B}.Debug|Any CPU.Build.0 = Debug|Any CPU
		{93980C68-3DC1-4E03-A081-5BA0B83BF13B}.Release|Any CPU.ActiveCfg = Release|Any CPU
		{93980C68-3DC1-4E03-A081-5BA0B83BF13B}.Release|Any CPU.Build.0 = Release|Any CPU
		{60F23A6C-7646-4292-B2D2-8BFCCDB89919}.Debug|Any CPU.ActiveCfg = Debug|Any CPU
		{60F23A6C-7646-4292-B2D2-8BFCCDB89919}.Debug|Any CPU.Build.0 = Debug|Any CPU
		{60F23A6C-7646-4292-B2D2-8BFCCDB89919}.Release|Any CPU.ActiveCfg = Release|Any CPU
		{60F23A6C-7646-4292-B2D2-8BFCCDB89919}.Release|Any CPU.Build.0 = Release|Any CPU
	EndGlobalSection
	GlobalSection(SolutionProperties) = preSolution
		HideSolutionNode = FALSE
	EndGlobalSection
	GlobalSection(ExtensibilityGlobals) = postSolution
		SolutionGuid = {5D143295-559A-402E-B3E1-36FC5C9C8964}
	EndGlobalSection
EndGlobal
